
Microsoft Visual Studio Solution File, Format Version 12.00
# Visual Studio Version 16
VisualStudioVersion = 16.0.28803.452
MinimumVisualStudioVersion = 10.0.40219.1
Project("{FAE04EC0-301F-11D3-BF4B-00C04F79EFBC}") = "LaboratorioRoles", "LaboratorioRoles\LaboratorioRoles.csproj", "{EE356633-C953-4EC9-873E-F77C2F389FBA}"
EndProject
Global
	GlobalSection(SolutionConfigurationPlatforms) = preSolution
		Debug|Any CPU = Debug|Any CPU
		Release|Any CPU = Release|Any CPU
	EndGlobalSection
	GlobalSection(ProjectConfigurationPlatforms) = postSolution
		{EE356633-C953-4EC9-873E-F77C2F389FBA}.Debug|Any CPU.ActiveCfg = Debug|Any CPU
		{EE356633-C953-4EC9-873E-F77C2F389FBA}.Debug|Any CPU.Build.0 = Debug|Any CPU
		{EE356633-C953-4EC9-873E-F77C2F389FBA}.Release|Any CPU.ActiveCfg = Release|Any CPU
		{EE356633-C953-4EC9-873E-F77C2F389FBA}.Release|Any CPU.Build.0 = Release|Any CPU
	EndGlobalSection
	GlobalSection(SolutionProperties) = preSolution
		HideSolutionNode = FALSE
	EndGlobalSection
	GlobalSection(ExtensibilityGlobals) = postSolution
		SolutionGuid = {A710E2C5-906A-4473-93BB-FF300F892DA7}
	EndGlobalSection
EndGlobal
